
Microsoft Visual Studio Solution File, Format Version 12.00
Project("{FAE04EC0-301F-11D3-BF4B-00C04F79EFBC}") = "SolarWatch", "SolarWatch\SolarWatch.csproj", "{28847C73-CC66-4C9F-BABA-5F32D585F6F4}"
EndProject
Project("{FAE04EC0-301F-11D3-BF4B-00C04F79EFBC}") = "SolarWatch.Test", "SolarWatch.Test\SolarWatch.Test.csproj", "{D4385E02-7DC2-4165-8253-78FA38B9B665}"
EndProject
Global
	GlobalSection(SolutionConfigurationPlatforms) = preSolution
		Debug|Any CPU = Debug|Any CPU
		Release|Any CPU = Release|Any CPU
	EndGlobalSection
	GlobalSection(ProjectConfigurationPlatforms) = postSolution
		{28847C73-CC66-4C9F-BABA-5F32D585F6F4}.Debug|Any CPU.ActiveCfg = Debug|Any CPU
		{28847C73-CC66-4C9F-BABA-5F32D585F6F4}.Debug|Any CPU.Build.0 = Debug|Any CPU
		{28847C73-CC66-4C9F-BABA-5F32D585F6F4}.Release|Any CPU.ActiveCfg = Release|Any CPU
		{28847C73-CC66-4C9F-BABA-5F32D585F6F4}.Release|Any CPU.Build.0 = Release|Any CPU
		{D4385E02-7DC2-4165-8253-78FA38B9B665}.Debug|Any CPU.ActiveCfg = Debug|Any CPU
		{D4385E02-7DC2-4165-8253-78FA38B9B665}.Debug|Any CPU.Build.0 = Debug|Any CPU
		{D4385E02-7DC2-4165-8253-78FA38B9B665}.Release|Any CPU.ActiveCfg = Release|Any CPU
		{D4385E02-7DC2-4165-8253-78FA38B9B665}.Release|Any CPU.Build.0 = Release|Any CPU
	EndGlobalSection
EndGlobal
